// !$*UTF8*$!
{
	archiveVersion = 1;
	classes = {
	};
	objectVersion = 48;
	objects = {

/* Begin PBXBuildFile section */
		27116A412051D6A1009F85F4 /* AppDelegate.swift in Sources */ = {isa = PBXBuildFile; fileRef = 27116A402051D6A1009F85F4 /* AppDelegate.swift */; };
		27116A462051D6A1009F85F4 /* Main.storyboard in Resources */ = {isa = PBXBuildFile; fileRef = 27116A442051D6A1009F85F4 /* Main.storyboard */; };
		27116A482051D6A1009F85F4 /* Assets.xcassets in Resources */ = {isa = PBXBuildFile; fileRef = 27116A472051D6A1009F85F4 /* Assets.xcassets */; };
		27116A4B2051D6A1009F85F4 /* LaunchScreen.storyboard in Resources */ = {isa = PBXBuildFile; fileRef = 27116A492051D6A1009F85F4 /* LaunchScreen.storyboard */; };
		27116A562051D6A1009F85F4 /* issueReaderTests.swift in Sources */ = {isa = PBXBuildFile; fileRef = 27116A552051D6A1009F85F4 /* issueReaderTests.swift */; };
		27116A612051D6A1009F85F4 /* issueReaderUITests.swift in Sources */ = {isa = PBXBuildFile; fileRef = 27116A602051D6A1009F85F4 /* issueReaderUITests.swift */; };
		272B9EE420529B3500ACC072 /* Employee.swift in Sources */ = {isa = PBXBuildFile; fileRef = 272B9EE320529B3500ACC072 /* Employee.swift */; };
		272B9EE720529BF100ACC072 /* IssuesBrain.swift in Sources */ = {isa = PBXBuildFile; fileRef = 272B9EE620529BF100ACC072 /* IssuesBrain.swift */; };
		272B9EE92052C25700ACC072 /* issues.csv in Resources */ = {isa = PBXBuildFile; fileRef = 272B9EE82052C25700ACC072 /* issues.csv */; };
		272B9EEE2052C75100ACC072 /* IssuesBrainDelegate.swift in Sources */ = {isa = PBXBuildFile; fileRef = 272B9EED2052C75100ACC072 /* IssuesBrainDelegate.swift */; };
		274EF89F2051F750004362B5 /* EmployeesTableViewController.swift in Sources */ = {isa = PBXBuildFile; fileRef = 274EF89E2051F750004362B5 /* EmployeesTableViewController.swift */; };
		274EF8A12051F824004362B5 /* EmployeeTableViewCell.swift in Sources */ = {isa = PBXBuildFile; fileRef = 274EF8A02051F824004362B5 /* EmployeeTableViewCell.swift */; };
		46809F7049AB8D40577940C1 /* Pods_issueReader.framework in Frameworks */ = {isa = PBXBuildFile; fileRef = 0F371DF37ED6CA623DA894EC /* Pods_issueReader.framework */; };
		67FBA786CFDA88B51019D2C5 /* Pods_issueReaderUITests.framework in Frameworks */ = {isa = PBXBuildFile; fileRef = 8BCDC27E5C7DAC3F1D4F4F1E /* Pods_issueReaderUITests.framework */; };
		7611D6945B39DC53FB2D4867 /* Pods_issueReaderTests.framework in Frameworks */ = {isa = PBXBuildFile; fileRef = 4F3C0EBB95F544DBFDFCDFD1 /* Pods_issueReaderTests.framework */; };
/* End PBXBuildFile section */

/* Begin PBXContainerItemProxy section */
		27116A522051D6A1009F85F4 /* PBXContainerItemProxy */ = {
			isa = PBXContainerItemProxy;
			containerPortal = 27116A352051D6A1009F85F4 /* Project object */;
			proxyType = 1;
			remoteGlobalIDString = 27116A3C2051D6A1009F85F4;
			remoteInfo = issueReader;
		};
		27116A5D2051D6A1009F85F4 /* PBXContainerItemProxy */ = {
			isa = PBXContainerItemProxy;
			containerPortal = 27116A352051D6A1009F85F4 /* Project object */;
			proxyType = 1;
			remoteGlobalIDString = 27116A3C2051D6A1009F85F4;
			remoteInfo = issueReader;
		};
/* End PBXContainerItemProxy section */

/* Begin PBXFileReference section */
		0F371DF37ED6CA623DA894EC /* Pods_issueReader.framework */ = {isa = PBXFileReference; explicitFileType = wrapper.framework; includeInIndex = 0; path = Pods_issueReader.framework; sourceTree = BUILT_PRODUCTS_DIR; };
		27116A3D2051D6A1009F85F4 /* issueReader.app */ = {isa = PBXFileReference; explicitFileType = wrapper.application; includeInIndex = 0; path = issueReader.app; sourceTree = BUILT_PRODUCTS_DIR; };
		27116A402051D6A1009F85F4 /* AppDelegate.swift */ = {isa = PBXFileReference; lastKnownFileType = sourcecode.swift; path = AppDelegate.swift; sourceTree = "<group>"; };
		27116A452051D6A1009F85F4 /* Base */ = {isa = PBXFileReference; lastKnownFileType = file.storyboard; name = Base; path = Base.lproj/Main.storyboard; sourceTree = "<group>"; };
		27116A472051D6A1009F85F4 /* Assets.xcassets */ = {isa = PBXFileReference; lastKnownFileType = folder.assetcatalog; path = Assets.xcassets; sourceTree = "<group>"; };
		27116A4A2051D6A1009F85F4 /* Base */ = {isa = PBXFileReference; lastKnownFileType = file.storyboard; name = Base; path = Base.lproj/LaunchScreen.storyboard; sourceTree = "<group>"; };
		27116A4C2051D6A1009F85F4 /* Info.plist */ = {isa = PBXFileReference; lastKnownFileType = text.plist.xml; path = Info.plist; sourceTree = "<group>"; };
		27116A512051D6A1009F85F4 /* issueReaderTests.xctest */ = {isa = PBXFileReference; explicitFileType = wrapper.cfbundle; includeInIndex = 0; path = issueReaderTests.xctest; sourceTree = BUILT_PRODUCTS_DIR; };
		27116A552051D6A1009F85F4 /* issueReaderTests.swift */ = {isa = PBXFileReference; lastKnownFileType = sourcecode.swift; path = issueReaderTests.swift; sourceTree = "<group>"; };
		27116A572051D6A1009F85F4 /* Info.plist */ = {isa = PBXFileReference; lastKnownFileType = text.plist.xml; path = Info.plist; sourceTree = "<group>"; };
		27116A5C2051D6A1009F85F4 /* issueReaderUITests.xctest */ = {isa = PBXFileReference; explicitFileType = wrapper.cfbundle; includeInIndex = 0; path = issueReaderUITests.xctest; sourceTree = BUILT_PRODUCTS_DIR; };
		27116A602051D6A1009F85F4 /* issueReaderUITests.swift */ = {isa = PBXFileReference; lastKnownFileType = sourcecode.swift; path = issueReaderUITests.swift; sourceTree = "<group>"; };
		27116A622051D6A1009F85F4 /* Info.plist */ = {isa = PBXFileReference; lastKnownFileType = text.plist.xml; path = Info.plist; sourceTree = "<group>"; };
		272B9EE320529B3500ACC072 /* Employee.swift */ = {isa = PBXFileReference; lastKnownFileType = sourcecode.swift; path = Employee.swift; sourceTree = "<group>"; };
		272B9EE620529BF100ACC072 /* IssuesBrain.swift */ = {isa = PBXFileReference; lastKnownFileType = sourcecode.swift; path = IssuesBrain.swift; sourceTree = "<group>"; };
		272B9EE82052C25700ACC072 /* issues.csv */ = {isa = PBXFileReference; fileEncoding = 4; lastKnownFileType = text; name = issues.csv; path = "../../../../../Library/Group Containers/3L68KQB4HG.group.com.readdle.smartemail/cache/messagesData/7/26555/assignment 2/issues.csv"; sourceTree = "<group>"; };
		272B9EED2052C75100ACC072 /* IssuesBrainDelegate.swift */ = {isa = PBXFileReference; lastKnownFileType = sourcecode.swift; path = IssuesBrainDelegate.swift; sourceTree = "<group>"; };
		274EF89E2051F750004362B5 /* EmployeesTableViewController.swift */ = {isa = PBXFileReference; lastKnownFileType = sourcecode.swift; path = EmployeesTableViewController.swift; sourceTree = "<group>"; };
		274EF8A02051F824004362B5 /* EmployeeTableViewCell.swift */ = {isa = PBXFileReference; lastKnownFileType = sourcecode.swift; path = EmployeeTableViewCell.swift; sourceTree = "<group>"; };
		3410CAB1977B562DB02BB466 /* Pods-issueReaderUITests.debug.xcconfig */ = {isa = PBXFileReference; includeInIndex = 1; lastKnownFileType = text.xcconfig; name = "Pods-issueReaderUITests.debug.xcconfig"; path = "Pods/Target Support Files/Pods-issueReaderUITests/Pods-issueReaderUITests.debug.xcconfig"; sourceTree = "<group>"; };
		4F3C0EBB95F544DBFDFCDFD1 /* Pods_issueReaderTests.framework */ = {isa = PBXFileReference; explicitFileType = wrapper.framework; includeInIndex = 0; path = Pods_issueReaderTests.framework; sourceTree = BUILT_PRODUCTS_DIR; };
		6721C149082841E8C63E2A59 /* Pods-issueReaderUITests.release.xcconfig */ = {isa = PBXFileReference; includeInIndex = 1; lastKnownFileType = text.xcconfig; name = "Pods-issueReaderUITests.release.xcconfig"; path = "Pods/Target Support Files/Pods-issueReaderUITests/Pods-issueReaderUITests.release.xcconfig"; sourceTree = "<group>"; };
		77A308D67D6DCFEC91DDF974 /* Pods-issueReader.release.xcconfig */ = {isa = PBXFileReference; includeInIndex = 1; lastKnownFileType = text.xcconfig; name = "Pods-issueReader.release.xcconfig"; path = "Pods/Target Support Files/Pods-issueReader/Pods-issueReader.release.xcconfig"; sourceTree = "<group>"; };
		8BCDC27E5C7DAC3F1D4F4F1E /* Pods_issueReaderUITests.framework */ = {isa = PBXFileReference; explicitFileType = wrapper.framework; includeInIndex = 0; path = Pods_issueReaderUITests.framework; sourceTree = BUILT_PRODUCTS_DIR; };
		9C0AB499414C37793151AF29 /* Pods-issueReader.debug.xcconfig */ = {isa = PBXFileReference; includeInIndex = 1; lastKnownFileType = text.xcconfig; name = "Pods-issueReader.debug.xcconfig"; path = "Pods/Target Support Files/Pods-issueReader/Pods-issueReader.debug.xcconfig"; sourceTree = "<group>"; };
		BE73BF70D3DA4DDBCA08F5F3 /* Pods-issueReaderTests.debug.xcconfig */ = {isa = PBXFileReference; includeInIndex = 1; lastKnownFileType = text.xcconfig; name = "Pods-issueReaderTests.debug.xcconfig"; path = "Pods/Target Support Files/Pods-issueReaderTests/Pods-issueReaderTests.debug.xcconfig"; sourceTree = "<group>"; };
		D86A55ADE4509120BBB781AE /* Pods-issueReaderTests.release.xcconfig */ = {isa = PBXFileReference; includeInIndex = 1; lastKnownFileType = text.xcconfig; name = "Pods-issueReaderTests.release.xcconfig"; path = "Pods/Target Support Files/Pods-issueReaderTests/Pods-issueReaderTests.release.xcconfig"; sourceTree = "<group>"; };
/* End PBXFileReference section */

/* Begin PBXFrameworksBuildPhase section */
		27116A3A2051D6A1009F85F4 /* Frameworks */ = {
			isa = PBXFrameworksBuildPhase;
			buildActionMask = 2147483647;
			files = (
				46809F7049AB8D40577940C1 /* Pods_issueReader.framework in Frameworks */,
			);
			runOnlyForDeploymentPostprocessing = 0;
		};
		27116A4E2051D6A1009F85F4 /* Frameworks */ = {
			isa = PBXFrameworksBuildPhase;
			buildActionMask = 2147483647;
			files = (
				7611D6945B39DC53FB2D4867 /* Pods_issueReaderTests.framework in Frameworks */,
			);
			runOnlyForDeploymentPostprocessing = 0;
		};
		27116A592051D6A1009F85F4 /* Frameworks */ = {
			isa = PBXFrameworksBuildPhase;
			buildActionMask = 2147483647;
			files = (
				67FBA786CFDA88B51019D2C5 /* Pods_issueReaderUITests.framework in Frameworks */,
			);
			runOnlyForDeploymentPostprocessing = 0;
		};
/* End PBXFrameworksBuildPhase section */

/* Begin PBXGroup section */
		27116A342051D6A1009F85F4 = {
			isa = PBXGroup;
			children = (
				27116A3F2051D6A1009F85F4 /* issueReader */,
				27116A542051D6A1009F85F4 /* issueReaderTests */,
				27116A5F2051D6A1009F85F4 /* issueReaderUITests */,
				27116A3E2051D6A1009F85F4 /* Products */,
				8DC06B6C7D6DA81FB3910DDA /* Pods */,
				997C8BCFDFC88EC2C5FC706B /* Frameworks */,
			);
			sourceTree = "<group>";
		};
		27116A3E2051D6A1009F85F4 /* Products */ = {
			isa = PBXGroup;
			children = (
				27116A3D2051D6A1009F85F4 /* issueReader.app */,
				27116A512051D6A1009F85F4 /* issueReaderTests.xctest */,
				27116A5C2051D6A1009F85F4 /* issueReaderUITests.xctest */,
			);
			name = Products;
			sourceTree = "<group>";
		};
		27116A3F2051D6A1009F85F4 /* issueReader */ = {
			isa = PBXGroup;
			children = (
				272B9EE520529B9500ACC072 /* Models */,
				27116A6F2051DFD9009F85F4 /* Supporting files */,
				27116A6E2051DFBD009F85F4 /* Employees */,
				27116A442051D6A1009F85F4 /* Main.storyboard */,
				27116A492051D6A1009F85F4 /* LaunchScreen.storyboard */,
				27116A4C2051D6A1009F85F4 /* Info.plist */,
				272B9EE620529BF100ACC072 /* IssuesBrain.swift */,
				272B9EED2052C75100ACC072 /* IssuesBrainDelegate.swift */,
			);
			path = issueReader;
			sourceTree = "<group>";
		};
		27116A542051D6A1009F85F4 /* issueReaderTests */ = {
			isa = PBXGroup;
			children = (
				27116A552051D6A1009F85F4 /* issueReaderTests.swift */,
				27116A572051D6A1009F85F4 /* Info.plist */,
			);
			path = issueReaderTests;
			sourceTree = "<group>";
		};
		27116A5F2051D6A1009F85F4 /* issueReaderUITests */ = {
			isa = PBXGroup;
			children = (
				27116A602051D6A1009F85F4 /* issueReaderUITests.swift */,
				27116A622051D6A1009F85F4 /* Info.plist */,
			);
			path = issueReaderUITests;
			sourceTree = "<group>";
		};
		27116A6E2051DFBD009F85F4 /* Employees */ = {
			isa = PBXGroup;
			children = (
				274EF89E2051F750004362B5 /* EmployeesTableViewController.swift */,
				274EF8A02051F824004362B5 /* EmployeeTableViewCell.swift */,
			);
			path = Employees;
			sourceTree = "<group>";
		};
		27116A6F2051DFD9009F85F4 /* Supporting files */ = {
			isa = PBXGroup;
			children = (
				272B9EE82052C25700ACC072 /* issues.csv */,
				27116A402051D6A1009F85F4 /* AppDelegate.swift */,
				27116A472051D6A1009F85F4 /* Assets.xcassets */,
			);
			path = "Supporting files";
			sourceTree = "<group>";
		};
		272B9EE520529B9500ACC072 /* Models */ = {
			isa = PBXGroup;
			children = (
				272B9EE320529B3500ACC072 /* Employee.swift */,
			);
			path = Models;
			sourceTree = "<group>";
		};
		8DC06B6C7D6DA81FB3910DDA /* Pods */ = {
			isa = PBXGroup;
			children = (
				9C0AB499414C37793151AF29 /* Pods-issueReader.debug.xcconfig */,
				77A308D67D6DCFEC91DDF974 /* Pods-issueReader.release.xcconfig */,
				BE73BF70D3DA4DDBCA08F5F3 /* Pods-issueReaderTests.debug.xcconfig */,
				D86A55ADE4509120BBB781AE /* Pods-issueReaderTests.release.xcconfig */,
				3410CAB1977B562DB02BB466 /* Pods-issueReaderUITests.debug.xcconfig */,
				6721C149082841E8C63E2A59 /* Pods-issueReaderUITests.release.xcconfig */,
			);
			name = Pods;
			sourceTree = "<group>";
		};
		997C8BCFDFC88EC2C5FC706B /* Frameworks */ = {
			isa = PBXGroup;
			children = (
				0F371DF37ED6CA623DA894EC /* Pods_issueReader.framework */,
				4F3C0EBB95F544DBFDFCDFD1 /* Pods_issueReaderTests.framework */,
				8BCDC27E5C7DAC3F1D4F4F1E /* Pods_issueReaderUITests.framework */,
			);
			name = Frameworks;
			sourceTree = "<group>";
		};
/* End PBXGroup section */

/* Begin PBXNativeTarget section */
		27116A3C2051D6A1009F85F4 /* issueReader */ = {
			isa = PBXNativeTarget;
			buildConfigurationList = 27116A652051D6A1009F85F4 /* Build configuration list for PBXNativeTarget "issueReader" */;
			buildPhases = (
				604E8E8412F0928DD9BC6D86 /* [CP] Check Pods Manifest.lock */,
				27116A392051D6A1009F85F4 /* Sources */,
				27116A3A2051D6A1009F85F4 /* Frameworks */,
				27116A3B2051D6A1009F85F4 /* Resources */,
				8556097A9436AC1990E6E2FA /* [CP] Embed Pods Frameworks */,
				D8115E9A6F86CC10EE2A4B02 /* [CP] Copy Pods Resources */,
			);
			buildRules = (
			);
			dependencies = (
			);
			name = issueReader;
			productName = issueReader;
			productReference = 27116A3D2051D6A1009F85F4 /* issueReader.app */;
			productType = "com.apple.product-type.application";
		};
		27116A502051D6A1009F85F4 /* issueReaderTests */ = {
			isa = PBXNativeTarget;
			buildConfigurationList = 27116A682051D6A1009F85F4 /* Build configuration list for PBXNativeTarget "issueReaderTests" */;
			buildPhases = (
				EFB432B9CB48CA0206CDD502 /* [CP] Check Pods Manifest.lock */,
				27116A4D2051D6A1009F85F4 /* Sources */,
				27116A4E2051D6A1009F85F4 /* Frameworks */,
				27116A4F2051D6A1009F85F4 /* Resources */,
				EF73D9A4EAFCDF148A676ECB /* [CP] Embed Pods Frameworks */,
				891A4FC6321E04306735C2DF /* [CP] Copy Pods Resources */,
			);
			buildRules = (
			);
			dependencies = (
				27116A532051D6A1009F85F4 /* PBXTargetDependency */,
			);
			name = issueReaderTests;
			productName = issueReaderTests;
			productReference = 27116A512051D6A1009F85F4 /* issueReaderTests.xctest */;
			productType = "com.apple.product-type.bundle.unit-test";
		};
		27116A5B2051D6A1009F85F4 /* issueReaderUITests */ = {
			isa = PBXNativeTarget;
			buildConfigurationList = 27116A6B2051D6A1009F85F4 /* Build configuration list for PBXNativeTarget "issueReaderUITests" */;
			buildPhases = (
				B529F41DFFDBF8AD0B021A1F /* [CP] Check Pods Manifest.lock */,
				27116A582051D6A1009F85F4 /* Sources */,
				27116A592051D6A1009F85F4 /* Frameworks */,
				27116A5A2051D6A1009F85F4 /* Resources */,
				ED6114CD563E5CDD8309479B /* [CP] Embed Pods Frameworks */,
				E86842D7EA318618A344242E /* [CP] Copy Pods Resources */,
			);
			buildRules = (
			);
			dependencies = (
				27116A5E2051D6A1009F85F4 /* PBXTargetDependency */,
			);
			name = issueReaderUITests;
			productName = issueReaderUITests;
			productReference = 27116A5C2051D6A1009F85F4 /* issueReaderUITests.xctest */;
			productType = "com.apple.product-type.bundle.ui-testing";
		};
/* End PBXNativeTarget section */

/* Begin PBXProject section */
		27116A352051D6A1009F85F4 /* Project object */ = {
			isa = PBXProject;
			attributes = {
				LastSwiftUpdateCheck = 0920;
				LastUpgradeCheck = 0920;
				ORGANIZATIONNAME = "Iain Munro";
				TargetAttributes = {
					27116A3C2051D6A1009F85F4 = {
						CreatedOnToolsVersion = 9.2;
						ProvisioningStyle = Automatic;
					};
					27116A502051D6A1009F85F4 = {
						CreatedOnToolsVersion = 9.2;
						ProvisioningStyle = Automatic;
						TestTargetID = 27116A3C2051D6A1009F85F4;
					};
					27116A5B2051D6A1009F85F4 = {
						CreatedOnToolsVersion = 9.2;
						ProvisioningStyle = Automatic;
						TestTargetID = 27116A3C2051D6A1009F85F4;
					};
				};
			};
			buildConfigurationList = 27116A382051D6A1009F85F4 /* Build configuration list for PBXProject "issueReader" */;
			compatibilityVersion = "Xcode 8.0";
			developmentRegion = en;
			hasScannedForEncodings = 0;
			knownRegions = (
				en,
				Base,
			);
			mainGroup = 27116A342051D6A1009F85F4;
			productRefGroup = 27116A3E2051D6A1009F85F4 /* Products */;
			projectDirPath = "";
			projectRoot = "";
			targets = (
				27116A3C2051D6A1009F85F4 /* issueReader */,
				27116A502051D6A1009F85F4 /* issueReaderTests */,
				27116A5B2051D6A1009F85F4 /* issueReaderUITests */,
			);
		};
/* End PBXProject section */

/* Begin PBXResourcesBuildPhase section */
		27116A3B2051D6A1009F85F4 /* Resources */ = {
			isa = PBXResourcesBuildPhase;
			buildActionMask = 2147483647;
			files = (
				272B9EE92052C25700ACC072 /* issues.csv in Resources */,
				27116A4B2051D6A1009F85F4 /* LaunchScreen.storyboard in Resources */,
				27116A482051D6A1009F85F4 /* Assets.xcassets in Resources */,
				27116A462051D6A1009F85F4 /* Main.storyboard in Resources */,
			);
			runOnlyForDeploymentPostprocessing = 0;
		};
		27116A4F2051D6A1009F85F4 /* Resources */ = {
			isa = PBXResourcesBuildPhase;
			buildActionMask = 2147483647;
			files = (
			);
			runOnlyForDeploymentPostprocessing = 0;
		};
		27116A5A2051D6A1009F85F4 /* Resources */ = {
			isa = PBXResourcesBuildPhase;
			buildActionMask = 2147483647;
			files = (
			);
			runOnlyForDeploymentPostprocessing = 0;
		};
/* End PBXResourcesBuildPhase section */

/* Begin PBXShellScriptBuildPhase section */
		604E8E8412F0928DD9BC6D86 /* [CP] Check Pods Manifest.lock */ = {
			isa = PBXShellScriptBuildPhase;
			buildActionMask = 2147483647;
			files = (
			);
			inputPaths = (
				"${PODS_PODFILE_DIR_PATH}/Podfile.lock",
				"${PODS_ROOT}/Manifest.lock",
			);
			name = "[CP] Check Pods Manifest.lock";
			outputPaths = (
				"$(DERIVED_FILE_DIR)/Pods-issueReader-checkManifestLockResult.txt",
			);
			runOnlyForDeploymentPostprocessing = 0;
			shellPath = /bin/sh;
			shellScript = "diff \"${PODS_PODFILE_DIR_PATH}/Podfile.lock\" \"${PODS_ROOT}/Manifest.lock\" > /dev/null\nif [ $? != 0 ] ; then\n    # print error to STDERR\n    echo \"error: The sandbox is not in sync with the Podfile.lock. Run 'pod install' or update your CocoaPods installation.\" >&2\n    exit 1\nfi\n# This output is used by Xcode 'outputs' to avoid re-running this script phase.\necho \"SUCCESS\" > \"${SCRIPT_OUTPUT_FILE_0}\"\n";
			showEnvVarsInLog = 0;
		};
		8556097A9436AC1990E6E2FA /* [CP] Embed Pods Frameworks */ = {
			isa = PBXShellScriptBuildPhase;
			buildActionMask = 2147483647;
			files = (
			);
			inputPaths = (
				"${SRCROOT}/Pods/Target Support Files/Pods-issueReader/Pods-issueReader-frameworks.sh",
				"${BUILT_PRODUCTS_DIR}/CSV.swift/CSV.framework",
				"${BUILT_PRODUCTS_DIR}/TDBadgedCell/TDBadgedCell.framework",
			);
			name = "[CP] Embed Pods Frameworks";
			outputPaths = (
				"${TARGET_BUILD_DIR}/${FRAMEWORKS_FOLDER_PATH}/CSV.framework",
				"${TARGET_BUILD_DIR}/${FRAMEWORKS_FOLDER_PATH}/TDBadgedCell.framework",
			);
			runOnlyForDeploymentPostprocessing = 0;
			shellPath = /bin/sh;
			shellScript = "\"${SRCROOT}/Pods/Target Support Files/Pods-issueReader/Pods-issueReader-frameworks.sh\"\n";
			showEnvVarsInLog = 0;
		};
		891A4FC6321E04306735C2DF /* [CP] Copy Pods Resources */ = {
			isa = PBXShellScriptBuildPhase;
			buildActionMask = 2147483647;
			files = (
			);
			inputPaths = (
			);
			name = "[CP] Copy Pods Resources";
			outputPaths = (
			);
			runOnlyForDeploymentPostprocessing = 0;
			shellPath = /bin/sh;
			shellScript = "\"${SRCROOT}/Pods/Target Support Files/Pods-issueReaderTests/Pods-issueReaderTests-resources.sh\"\n";
			showEnvVarsInLog = 0;
		};
		B529F41DFFDBF8AD0B021A1F /* [CP] Check Pods Manifest.lock */ = {
			isa = PBXShellScriptBuildPhase;
			buildActionMask = 2147483647;
			files = (
			);
			inputPaths = (
				"${PODS_PODFILE_DIR_PATH}/Podfile.lock",
				"${PODS_ROOT}/Manifest.lock",
			);
			name = "[CP] Check Pods Manifest.lock";
			outputPaths = (
				"$(DERIVED_FILE_DIR)/Pods-issueReaderUITests-checkManifestLockResult.txt",
			);
			runOnlyForDeploymentPostprocessing = 0;
			shellPath = /bin/sh;
			shellScript = "diff \"${PODS_PODFILE_DIR_PATH}/Podfile.lock\" \"${PODS_ROOT}/Manifest.lock\" > /dev/null\nif [ $? != 0 ] ; then\n    # print error to STDERR\n    echo \"error: The sandbox is not in sync with the Podfile.lock. Run 'pod install' or update your CocoaPods installation.\" >&2\n    exit 1\nfi\n# This output is used by Xcode 'outputs' to avoid re-running this script phase.\necho \"SUCCESS\" > \"${SCRIPT_OUTPUT_FILE_0}\"\n";
			showEnvVarsInLog = 0;
		};
		D8115E9A6F86CC10EE2A4B02 /* [CP] Copy Pods Resources */ = {
			isa = PBXShellScriptBuildPhase;
			buildActionMask = 2147483647;
			files = (
			);
			inputPaths = (
			);
			name = "[CP] Copy Pods Resources";
			outputPaths = (
			);
			runOnlyForDeploymentPostprocessing = 0;
			shellPath = /bin/sh;
			shellScript = "\"${SRCROOT}/Pods/Target Support Files/Pods-issueReader/Pods-issueReader-resources.sh\"\n";
			showEnvVarsInLog = 0;
		};
		E86842D7EA318618A344242E /* [CP] Copy Pods Resources */ = {
			isa = PBXShellScriptBuildPhase;
			buildActionMask = 2147483647;
			files = (
			);
			inputPaths = (
			);
			name = "[CP] Copy Pods Resources";
			outputPaths = (
			);
			runOnlyForDeploymentPostprocessing = 0;
			shellPath = /bin/sh;
			shellScript = "\"${SRCROOT}/Pods/Target Support Files/Pods-issueReaderUITests/Pods-issueReaderUITests-resources.sh\"\n";
			showEnvVarsInLog = 0;
		};
		ED6114CD563E5CDD8309479B /* [CP] Embed Pods Frameworks */ = {
			isa = PBXShellScriptBuildPhase;
			buildActionMask = 2147483647;
			files = (
			);
			inputPaths = (
			);
			name = "[CP] Embed Pods Frameworks";
			outputPaths = (
			);
			runOnlyForDeploymentPostprocessing = 0;
			shellPath = /bin/sh;
			shellScript = "\"${SRCROOT}/Pods/Target Support Files/Pods-issueReaderUITests/Pods-issueReaderUITests-frameworks.sh\"\n";
			showEnvVarsInLog = 0;
		};
		EF73D9A4EAFCDF148A676ECB /* [CP] Embed Pods Frameworks */ = {
			isa = PBXShellScriptBuildPhase;
			buildActionMask = 2147483647;
			files = (
			);
			inputPaths = (
				"${SRCROOT}/Pods/Target Support Files/Pods-issueReaderTests/Pods-issueReaderTests-frameworks.sh",
				"${BUILT_PRODUCTS_DIR}/TDBadgedCell/TDBadgedCell.framework",
			);
			name = "[CP] Embed Pods Frameworks";
			outputPaths = (
				"${TARGET_BUILD_DIR}/${FRAMEWORKS_FOLDER_PATH}/TDBadgedCell.framework",
			);
			runOnlyForDeploymentPostprocessing = 0;
			shellPath = /bin/sh;
			shellScript = "\"${SRCROOT}/Pods/Target Support Files/Pods-issueReaderTests/Pods-issueReaderTests-frameworks.sh\"\n";
			showEnvVarsInLog = 0;
		};
		EFB432B9CB48CA0206CDD502 /* [CP] Check Pods Manifest.lock */ = {
			isa = PBXShellScriptBuildPhase;
			buildActionMask = 2147483647;
			files = (
			);
			inputPaths = (
				"${PODS_PODFILE_DIR_PATH}/Podfile.lock",
				"${PODS_ROOT}/Manifest.lock",
			);
			name = "[CP] Check Pods Manifest.lock";
			outputPaths = (
				"$(DERIVED_FILE_DIR)/Pods-issueReaderTests-checkManifestLockResult.txt",
			);
			runOnlyForDeploymentPostprocessing = 0;
			shellPath = /bin/sh;
			shellScript = "diff \"${PODS_PODFILE_DIR_PATH}/Podfile.lock\" \"${PODS_ROOT}/Manifest.lock\" > /dev/null\nif [ $? != 0 ] ; then\n    # print error to STDERR\n    echo \"error: The sandbox is not in sync with the Podfile.lock. Run 'pod install' or update your CocoaPods installation.\" >&2\n    exit 1\nfi\n# This output is used by Xcode 'outputs' to avoid re-running this script phase.\necho \"SUCCESS\" > \"${SCRIPT_OUTPUT_FILE_0}\"\n";
			showEnvVarsInLog = 0;
		};
/* End PBXShellScriptBuildPhase section */

/* Begin PBXSourcesBuildPhase section */
		27116A392051D6A1009F85F4 /* Sources */ = {
			isa = PBXSourcesBuildPhase;
			buildActionMask = 2147483647;
			files = (
				27116A412051D6A1009F85F4 /* AppDelegate.swift in Sources */,
				272B9EE420529B3500ACC072 /* Employee.swift in Sources */,
				274EF89F2051F750004362B5 /* EmployeesTableViewController.swift in Sources */,
				272B9EE720529BF100ACC072 /* IssuesBrain.swift in Sources */,
				274EF8A12051F824004362B5 /* EmployeeTableViewCell.swift in Sources */,
				272B9EEE2052C75100ACC072 /* IssuesBrainDelegate.swift in Sources */,
			);
			runOnlyForDeploymentPostprocessing = 0;
		};
		27116A4D2051D6A1009F85F4 /* Sources */ = {
			isa = PBXSourcesBuildPhase;
			buildActionMask = 2147483647;
			files = (
				27116A562051D6A1009F85F4 /* issueReaderTests.swift in Sources */,
			);
			runOnlyForDeploymentPostprocessing = 0;
		};
		27116A582051D6A1009F85F4 /* Sources */ = {
			isa = PBXSourcesBuildPhase;
			buildActionMask = 2147483647;
			files = (
				27116A612051D6A1009F85F4 /* issueReaderUITests.swift in Sources */,
			);
			runOnlyForDeploymentPostprocessing = 0;
		};
/* End PBXSourcesBuildPhase section */

/* Begin PBXTargetDependency section */
		27116A532051D6A1009F85F4 /* PBXTargetDependency */ = {
			isa = PBXTargetDependency;
			target = 27116A3C2051D6A1009F85F4 /* issueReader */;
			targetProxy = 27116A522051D6A1009F85F4 /* PBXContainerItemProxy */;
		};
		27116A5E2051D6A1009F85F4 /* PBXTargetDependency */ = {
			isa = PBXTargetDependency;
			target = 27116A3C2051D6A1009F85F4 /* issueReader */;
			targetProxy = 27116A5D2051D6A1009F85F4 /* PBXContainerItemProxy */;
		};
/* End PBXTargetDependency section */

/* Begin PBXVariantGroup section */
		27116A442051D6A1009F85F4 /* Main.storyboard */ = {
			isa = PBXVariantGroup;
			children = (
				27116A452051D6A1009F85F4 /* Base */,
			);
			name = Main.storyboard;
			sourceTree = "<group>";
		};
		27116A492051D6A1009F85F4 /* LaunchScreen.storyboard */ = {
			isa = PBXVariantGroup;
			children = (
				27116A4A2051D6A1009F85F4 /* Base */,
			);
			name = LaunchScreen.storyboard;
			sourceTree = "<group>";
		};
/* End PBXVariantGroup section */

/* Begin XCBuildConfiguration section */
		27116A632051D6A1009F85F4 /* Debug */ = {
			isa = XCBuildConfiguration;
			buildSettings = {
				ALWAYS_SEARCH_USER_PATHS = NO;
				CLANG_ANALYZER_NONNULL = YES;
				CLANG_ANALYZER_NUMBER_OBJECT_CONVERSION = YES_AGGRESSIVE;
				CLANG_CXX_LANGUAGE_STANDARD = "gnu++14";
				CLANG_CXX_LIBRARY = "libc++";
				CLANG_ENABLE_MODULES = YES;
				CLANG_ENABLE_OBJC_ARC = YES;
				CLANG_WARN_BLOCK_CAPTURE_AUTORELEASING = YES;
				CLANG_WARN_BOOL_CONVERSION = YES;
				CLANG_WARN_COMMA = YES;
				CLANG_WARN_CONSTANT_CONVERSION = YES;
				CLANG_WARN_DIRECT_OBJC_ISA_USAGE = YES_ERROR;
				CLANG_WARN_DOCUMENTATION_COMMENTS = YES;
				CLANG_WARN_EMPTY_BODY = YES;
				CLANG_WARN_ENUM_CONVERSION = YES;
				CLANG_WARN_INFINITE_RECURSION = YES;
				CLANG_WARN_INT_CONVERSION = YES;
				CLANG_WARN_NON_LITERAL_NULL_CONVERSION = YES;
				CLANG_WARN_OBJC_LITERAL_CONVERSION = YES;
				CLANG_WARN_OBJC_ROOT_CLASS = YES_ERROR;
				CLANG_WARN_RANGE_LOOP_ANALYSIS = YES;
				CLANG_WARN_STRICT_PROTOTYPES = YES;
				CLANG_WARN_SUSPICIOUS_MOVE = YES;
				CLANG_WARN_UNGUARDED_AVAILABILITY = YES_AGGRESSIVE;
				CLANG_WARN_UNREACHABLE_CODE = YES;
				CLANG_WARN__DUPLICATE_METHOD_MATCH = YES;
				CODE_SIGN_IDENTITY = "iPhone Developer";
				COPY_PHASE_STRIP = NO;
				DEBUG_INFORMATION_FORMAT = dwarf;
				ENABLE_STRICT_OBJC_MSGSEND = YES;
				ENABLE_TESTABILITY = YES;
				GCC_C_LANGUAGE_STANDARD = gnu11;
				GCC_DYNAMIC_NO_PIC = NO;
				GCC_NO_COMMON_BLOCKS = YES;
				GCC_OPTIMIZATION_LEVEL = 0;
				GCC_PREPROCESSOR_DEFINITIONS = (
					"DEBUG=1",
					"$(inherited)",
				);
				GCC_WARN_64_TO_32_BIT_CONVERSION = YES;
				GCC_WARN_ABOUT_RETURN_TYPE = YES_ERROR;
				GCC_WARN_UNDECLARED_SELECTOR = YES;
				GCC_WARN_UNINITIALIZED_AUTOS = YES_AGGRESSIVE;
				GCC_WARN_UNUSED_FUNCTION = YES;
				GCC_WARN_UNUSED_VARIABLE = YES;
				IPHONEOS_DEPLOYMENT_TARGET = 11.2;
				MTL_ENABLE_DEBUG_INFO = YES;
				ONLY_ACTIVE_ARCH = YES;
				SDKROOT = iphoneos;
				SWIFT_ACTIVE_COMPILATION_CONDITIONS = DEBUG;
				SWIFT_OPTIMIZATION_LEVEL = "-Onone";
			};
			name = Debug;
		};
		27116A642051D6A1009F85F4 /* Release */ = {
			isa = XCBuildConfiguration;
			buildSettings = {
				ALWAYS_SEARCH_USER_PATHS = NO;
				CLANG_ANALYZER_NONNULL = YES;
				CLANG_ANALYZER_NUMBER_OBJECT_CONVERSION = YES_AGGRESSIVE;
				CLANG_CXX_LANGUAGE_STANDARD = "gnu++14";
				CLANG_CXX_LIBRARY = "libc++";
				CLANG_ENABLE_MODULES = YES;
				CLANG_ENABLE_OBJC_ARC = YES;
				CLANG_WARN_BLOCK_CAPTURE_AUTORELEASING = YES;
				CLANG_WARN_BOOL_CONVERSION = YES;
				CLANG_WARN_COMMA = YES;
				CLANG_WARN_CONSTANT_CONVERSION = YES;
				CLANG_WARN_DIRECT_OBJC_ISA_USAGE = YES_ERROR;
				CLANG_WARN_DOCUMENTATION_COMMENTS = YES;
				CLANG_WARN_EMPTY_BODY = YES;
				CLANG_WARN_ENUM_CONVERSION = YES;
				CLANG_WARN_INFINITE_RECURSION = YES;
				CLANG_WARN_INT_CONVERSION = YES;
				CLANG_WARN_NON_LITERAL_NULL_CONVERSION = YES;
				CLANG_WARN_OBJC_LITERAL_CONVERSION = YES;
				CLANG_WARN_OBJC_ROOT_CLASS = YES_ERROR;
				CLANG_WARN_RANGE_LOOP_ANALYSIS = YES;
				CLANG_WARN_STRICT_PROTOTYPES = YES;
				CLANG_WARN_SUSPICIOUS_MOVE = YES;
				CLANG_WARN_UNGUARDED_AVAILABILITY = YES_AGGRESSIVE;
				CLANG_WARN_UNREACHABLE_CODE = YES;
				CLANG_WARN__DUPLICATE_METHOD_MATCH = YES;
				CODE_SIGN_IDENTITY = "iPhone Developer";
				COPY_PHASE_STRIP = NO;
				DEBUG_INFORMATION_FORMAT = "dwarf-with-dsym";
				ENABLE_NS_ASSERTIONS = NO;
				ENABLE_STRICT_OBJC_MSGSEND = YES;
				GCC_C_LANGUAGE_STANDARD = gnu11;
				GCC_NO_COMMON_BLOCKS = YES;
				GCC_WARN_64_TO_32_BIT_CONVERSION = YES;
				GCC_WARN_ABOUT_RETURN_TYPE = YES_ERROR;
				GCC_WARN_UNDECLARED_SELECTOR = YES;
				GCC_WARN_UNINITIALIZED_AUTOS = YES_AGGRESSIVE;
				GCC_WARN_UNUSED_FUNCTION = YES;
				GCC_WARN_UNUSED_VARIABLE = YES;
				IPHONEOS_DEPLOYMENT_TARGET = 11.2;
				MTL_ENABLE_DEBUG_INFO = NO;
				SDKROOT = iphoneos;
				SWIFT_OPTIMIZATION_LEVEL = "-Owholemodule";
				VALIDATE_PRODUCT = YES;
			};
			name = Release;
		};
		27116A662051D6A1009F85F4 /* Debug */ = {
			isa = XCBuildConfiguration;
			baseConfigurationReference = 9C0AB499414C37793151AF29 /* Pods-issueReader.debug.xcconfig */;
			buildSettings = {
				ASSETCATALOG_COMPILER_APPICON_NAME = AppIcon;
				CODE_SIGN_STYLE = Automatic;
				DEVELOPMENT_TEAM = C8466875AK;
				INFOPLIST_FILE = issueReader/Info.plist;
				LD_RUNPATH_SEARCH_PATHS = "$(inherited) @executable_path/Frameworks";
				PRODUCT_BUNDLE_IDENTIFIER = com.iMunro.issueReader;
				PRODUCT_NAME = "$(TARGET_NAME)";
				SWIFT_VERSION = 4.0;
				TARGETED_DEVICE_FAMILY = "1,2";
			};
			name = Debug;
		};
		27116A672051D6A1009F85F4 /* Release */ = {
			isa = XCBuildConfiguration;
			baseConfigurationReference = 77A308D67D6DCFEC91DDF974 /* Pods-issueReader.release.xcconfig */;
			buildSettings = {
				ASSETCATALOG_COMPILER_APPICON_NAME = AppIcon;
				CODE_SIGN_STYLE = Automatic;
				DEVELOPMENT_TEAM = C8466875AK;
				INFOPLIST_FILE = issueReader/Info.plist;
				LD_RUNPATH_SEARCH_PATHS = "$(inherited) @executable_path/Frameworks";
				PRODUCT_BUNDLE_IDENTIFIER = com.iMunro.issueReader;
				PRODUCT_NAME = "$(TARGET_NAME)";
				SWIFT_VERSION = 4.0;
				TARGETED_DEVICE_FAMILY = "1,2";
			};
			name = Release;
		};
		27116A692051D6A1009F85F4 /* Debug */ = {
			isa = XCBuildConfiguration;
			baseConfigurationReference = BE73BF70D3DA4DDBCA08F5F3 /* Pods-issueReaderTests.debug.xcconfig */;
			buildSettings = {
				ALWAYS_EMBED_SWIFT_STANDARD_LIBRARIES = YES;
				BUNDLE_LOADER = "$(TEST_HOST)";
				CODE_SIGN_STYLE = Automatic;
				INFOPLIST_FILE = issueReaderTests/Info.plist;
				LD_RUNPATH_SEARCH_PATHS = "$(inherited) @executable_path/Frameworks @loader_path/Frameworks";
				PRODUCT_BUNDLE_IDENTIFIER = com.iMunro.issueReaderTests;
				PRODUCT_NAME = "$(TARGET_NAME)";
				SWIFT_VERSION = 4.0;
				TARGETED_DEVICE_FAMILY = "1,2";
				TEST_HOST = "$(BUILT_PRODUCTS_DIR)/issueReader.app/issueReader";
			};
			name = Debug;
		};
		27116A6A2051D6A1009F85F4 /* Release */ = {
			isa = XCBuildConfiguration;
			baseConfigurationReference = D86A55ADE4509120BBB781AE /* Pods-issueReaderTests.release.xcconfig */;
			buildSettings = {
				ALWAYS_EMBED_SWIFT_STANDARD_LIBRARIES = YES;
				BUNDLE_LOADER = "$(TEST_HOST)";
				CODE_SIGN_STYLE = Automatic;
				INFOPLIST_FILE = issueReaderTests/Info.plist;
				LD_RUNPATH_SEARCH_PATHS = "$(inherited) @executable_path/Frameworks @loader_path/Frameworks";
				PRODUCT_BUNDLE_IDENTIFIER = com.iMunro.issueReaderTests;
				PRODUCT_NAME = "$(TARGET_NAME)";
				SWIFT_VERSION = 4.0;
				TARGETED_DEVICE_FAMILY = "1,2";
				TEST_HOST = "$(BUILT_PRODUCTS_DIR)/issueReader.app/issueReader";
			};
			name = Release;
		};
		27116A6C2051D6A1009F85F4 /* Debug */ = {
			isa = XCBuildConfiguration;
			baseConfigurationReference = 3410CAB1977B562DB02BB466 /* Pods-issueReaderUITests.debug.xcconfig */;
			buildSettings = {
				ALWAYS_EMBED_SWIFT_STANDARD_LIBRARIES = YES;
				CODE_SIGN_STYLE = Automatic;
				INFOPLIST_FILE = issueReaderUITests/Info.plist;
				LD_RUNPATH_SEARCH_PATHS = "$(inherited) @executable_path/Frameworks @loader_path/Frameworks";
				PRODUCT_BUNDLE_IDENTIFIER = com.iMunro.issueReaderUITests;
				PRODUCT_NAME = "$(TARGET_NAME)";
				SWIFT_VERSION = 4.0;
				TARGETED_DEVICE_FAMILY = "1,2";
				TEST_TARGET_NAME = issueReader;
			};
			name = Debug;
		};
		27116A6D2051D6A1009F85F4 /* Release */ = {
			isa = XCBuildConfiguration;
			baseConfigurationReference = 6721C149082841E8C63E2A59 /* Pods-issueReaderUITests.release.xcconfig */;
			buildSettings = {
				ALWAYS_EMBED_SWIFT_STANDARD_LIBRARIES = YES;
				CODE_SIGN_STYLE = Automatic;
				INFOPLIST_FILE = issueReaderUITests/Info.plist;
				LD_RUNPATH_SEARCH_PATHS = "$(inherited) @executable_path/Frameworks @loader_path/Frameworks";
				PRODUCT_BUNDLE_IDENTIFIER = com.iMunro.issueReaderUITests;
				PRODUCT_NAME = "$(TARGET_NAME)";
				SWIFT_VERSION = 4.0;
				TARGETED_DEVICE_FAMILY = "1,2";
				TEST_TARGET_NAME = issueReader;
			};
			name = Release;
		};
/* End XCBuildConfiguration section */

/* Begin XCConfigurationList section */
		27116A382051D6A1009F85F4 /* Build configuration list for PBXProject "issueReader" */ = {
			isa = XCConfigurationList;
			buildConfigurations = (
				27116A632051D6A1009F85F4 /* Debug */,
				27116A642051D6A1009F85F4 /* Release */,
			);
			defaultConfigurationIsVisible = 0;
			defaultConfigurationName = Release;
		};
		27116A652051D6A1009F85F4 /* Build configuration list for PBXNativeTarget "issueReader" */ = {
			isa = XCConfigurationList;
			buildConfigurations = (
				27116A662051D6A1009F85F4 /* Debug */,
				27116A672051D6A1009F85F4 /* Release */,
			);
			defaultConfigurationIsVisible = 0;
			defaultConfigurationName = Release;
		};
		27116A682051D6A1009F85F4 /* Build configuration list for PBXNativeTarget "issueReaderTests" */ = {
			isa = XCConfigurationList;
			buildConfigurations = (
				27116A692051D6A1009F85F4 /* Debug */,
				27116A6A2051D6A1009F85F4 /* Release */,
			);
			defaultConfigurationIsVisible = 0;
			defaultConfigurationName = Release;
		};
		27116A6B2051D6A1009F85F4 /* Build configuration list for PBXNativeTarget "issueReaderUITests" */ = {
			isa = XCConfigurationList;
			buildConfigurations = (
				27116A6C2051D6A1009F85F4 /* Debug */,
				27116A6D2051D6A1009F85F4 /* Release */,
			);
			defaultConfigurationIsVisible = 0;
			defaultConfigurationName = Release;
		};
/* End XCConfigurationList section */
	};
	rootObject = 27116A352051D6A1009F85F4 /* Project object */;
}
